// !$*UTF8*$!
{
	archiveVersion = 1;
	classes = {
	};
	objectVersion = 48;
	objects = {

/* Begin PBXBuildFile section */
		052C6F0B20AAEDB8009B8EDB /* Shop.swift in Sources */ = {isa = PBXBuildFile; fileRef = 052C6F0A20AAEDB8009B8EDB /* Shop.swift */; };
		055084C120A9D226001D84AD /* ShopViewController.swift in Sources */ = {isa = PBXBuildFile; fileRef = 055084C020A9D226001D84AD /* ShopViewController.swift */; };
		055084CA20A9D3CE001D84AD /* BaseMessageCollectionViewCellAvatarStyle.swift in Sources */ = {isa = PBXBuildFile; fileRef = 055084C420A9D3CD001D84AD /* BaseMessageCollectionViewCellAvatarStyle.swift */; };
		055084CB20A9D3CE001D84AD /* DemoTextMessageModel.swift in Sources */ = {isa = PBXBuildFile; fileRef = 055084C620A9D3CE001D84AD /* DemoTextMessageModel.swift */; };
		055084CC20A9D3CE001D84AD /* DemoTextMessageHandler.swift in Sources */ = {isa = PBXBuildFile; fileRef = 055084C720A9D3CE001D84AD /* DemoTextMessageHandler.swift */; };
		055084CD20A9D3CE001D84AD /* DemoTextMessageViewModel.swift in Sources */ = {isa = PBXBuildFile; fileRef = 055084C820A9D3CE001D84AD /* DemoTextMessageViewModel.swift */; };
		055084D220A9D3F3001D84AD /* DemoChatMessageSender.swift in Sources */ = {isa = PBXBuildFile; fileRef = 055084CF20A9D3F3001D84AD /* DemoChatMessageSender.swift */; };
		055084D320A9D3F3001D84AD /* DemoChatDataSource.swift in Sources */ = {isa = PBXBuildFile; fileRef = 055084D020A9D3F3001D84AD /* DemoChatDataSource.swift */; };
		055084D720A9D66B001D84AD /* Review.swift in Sources */ = {isa = PBXBuildFile; fileRef = 055084D620A9D66B001D84AD /* Review.swift */; };
		055084D920A9D706001D84AD /* ReviewsService.swift in Sources */ = {isa = PBXBuildFile; fileRef = 055084D820A9D706001D84AD /* ReviewsService.swift */; };
		055084DB20AAC3B6001D84AD /* DemoChatItemsDecorator.swift in Sources */ = {isa = PBXBuildFile; fileRef = 055084DA20AAC3B5001D84AD /* DemoChatItemsDecorator.swift */; };
		0568E4912098B7440079D181 /* UserService.swift in Sources */ = {isa = PBXBuildFile; fileRef = 0568E4902098B7440079D181 /* UserService.swift */; };
		0568E4942098B7B90079D181 /* NetworkTransport.swift in Sources */ = {isa = PBXBuildFile; fileRef = 0568E4932098B7B90079D181 /* NetworkTransport.swift */; };
		0568E4982098BD160079D181 /* RequestProtocol.swift in Sources */ = {isa = PBXBuildFile; fileRef = 0568E4972098BD160079D181 /* RequestProtocol.swift */; };
		0568E49A2098BD410079D181 /* TranslatorProtocol.swift in Sources */ = {isa = PBXBuildFile; fileRef = 0568E4992098BD410079D181 /* TranslatorProtocol.swift */; };
		0589933C20987E1A006265CE /* Shop.storyboard in Resources */ = {isa = PBXBuildFile; fileRef = 0589933B20987E1A006265CE /* Shop.storyboard */; };
		0589933E20987E35006265CE /* Chat.storyboard in Resources */ = {isa = PBXBuildFile; fileRef = 0589933D20987E35006265CE /* Chat.storyboard */; };
		0589934320987F27006265CE /* Accounts.storyboard in Resources */ = {isa = PBXBuildFile; fileRef = 0589934220987F27006265CE /* Accounts.storyboard */; };
		0589934520987F3E006265CE /* Reports.storyboard in Resources */ = {isa = PBXBuildFile; fileRef = 0589934420987F3E006265CE /* Reports.storyboard */; };
		0589934720987F57006265CE /* Goods.storyboard in Resources */ = {isa = PBXBuildFile; fileRef = 0589934620987F57006265CE /* Goods.storyboard */; };
		059016552098EA690030A0CA /* User.swift in Sources */ = {isa = PBXBuildFile; fileRef = 059016542098EA690030A0CA /* User.swift */; };
		059016592098F5B80030A0CA /* TabBarController.swift in Sources */ = {isa = PBXBuildFile; fileRef = 059016582098F5B70030A0CA /* TabBarController.swift */; };
		0590165E209900AE0030A0CA /* UIStoryboardExtensions.swift in Sources */ = {isa = PBXBuildFile; fileRef = 0590165D209900AE0030A0CA /* UIStoryboardExtensions.swift */; };
		0590166220990C360030A0CA /* GoodsListViewController.swift in Sources */ = {isa = PBXBuildFile; fileRef = 0590166120990C360030A0CA /* GoodsListViewController.swift */; };
		0590166420990C430030A0CA /* GoodsListViewModel.swift in Sources */ = {isa = PBXBuildFile; fileRef = 0590166320990C430030A0CA /* GoodsListViewModel.swift */; };
		0590166620990C8E0030A0CA /* Good.swift in Sources */ = {isa = PBXBuildFile; fileRef = 0590166520990C8E0030A0CA /* Good.swift */; };
		0590166820990D0E0030A0CA /* GoodsService.swift in Sources */ = {isa = PBXBuildFile; fileRef = 0590166720990D0E0030A0CA /* GoodsService.swift */; };
		0590166B209914AA0030A0CA /* DetailGoodViewController.swift in Sources */ = {isa = PBXBuildFile; fileRef = 0590166A209914AA0030A0CA /* DetailGoodViewController.swift */; };
		0590166D209914B50030A0CA /* DetailGoodViewModel.swift in Sources */ = {isa = PBXBuildFile; fileRef = 0590166C209914B50030A0CA /* DetailGoodViewModel.swift */; };
		05901671209A0A1A0030A0CA /* DiscountListViewController.swift in Sources */ = {isa = PBXBuildFile; fileRef = 05901670209A0A1A0030A0CA /* DiscountListViewController.swift */; };
		05901673209A0A280030A0CA /* DiscountListViewModel.swift in Sources */ = {isa = PBXBuildFile; fileRef = 05901672209A0A280030A0CA /* DiscountListViewModel.swift */; };
		05901675209A0C9C0030A0CA /* Discount.swift in Sources */ = {isa = PBXBuildFile; fileRef = 05901674209A0C9C0030A0CA /* Discount.swift */; };
		05901677209A0D6E0030A0CA /* DiscountService.swift in Sources */ = {isa = PBXBuildFile; fileRef = 05901676209A0D6E0030A0CA /* DiscountService.swift */; };
		0590167A209A4A050030A0CA /* DetailDiscountViewController.swift in Sources */ = {isa = PBXBuildFile; fileRef = 05901679209A4A050030A0CA /* DetailDiscountViewController.swift */; };
		0590167C209A4A140030A0CA /* DetailDiscountViewModel.swift in Sources */ = {isa = PBXBuildFile; fileRef = 0590167B209A4A140030A0CA /* DetailDiscountViewModel.swift */; };
		059CF490209880D1002AAB88 /* Discounts.storyboard in Resources */ = {isa = PBXBuildFile; fileRef = 059CF48F209880D1002AAB88 /* Discounts.storyboard */; };
		05ADF2BF2098A4DB004DBEA7 /* Authorization.storyboard in Resources */ = {isa = PBXBuildFile; fileRef = 05ADF2BE2098A4DB004DBEA7 /* Authorization.storyboard */; };
		05ADF2C22098AC07004DBEA7 /* SignInViewController.swift in Sources */ = {isa = PBXBuildFile; fileRef = 05ADF2C12098AC07004DBEA7 /* SignInViewController.swift */; };
		05ADF2C52098AC2A004DBEA7 /* SignInViewModel.swift in Sources */ = {isa = PBXBuildFile; fileRef = 05ADF2C42098AC2A004DBEA7 /* SignInViewModel.swift */; };
		05C5AE6C20B8A51100A3E7A9 /* UIWindowExtensions.swift in Sources */ = {isa = PBXBuildFile; fileRef = 05C5AE6B20B8A51000A3E7A9 /* UIWindowExtensions.swift */; };
		05C5AE6E20B8A7D500A3E7A9 /* ReportPickerViewController.swift in Sources */ = {isa = PBXBuildFile; fileRef = 05C5AE6D20B8A7D500A3E7A9 /* ReportPickerViewController.swift */; };
		05C5AE7020B8A7E200A3E7A9 /* ReportViewController.swift in Sources */ = {isa = PBXBuildFile; fileRef = 05C5AE6F20B8A7E200A3E7A9 /* ReportViewController.swift */; };
		05C5AE7720B8D0C600A3E7A9 /* TimeSeparatorModel.swift in Sources */ = {isa = PBXBuildFile; fileRef = 05C5AE7420B8D0C600A3E7A9 /* TimeSeparatorModel.swift */; };
		05C5AE7820B8D0C600A3E7A9 /* TimeSeparatorPresenter.swift in Sources */ = {isa = PBXBuildFile; fileRef = 05C5AE7520B8D0C600A3E7A9 /* TimeSeparatorPresenter.swift */; };
		05C5AE7920B8D0C600A3E7A9 /* TimeSeparatorCollectionViewCell.swift in Sources */ = {isa = PBXBuildFile; fileRef = 05C5AE7620B8D0C600A3E7A9 /* TimeSeparatorCollectionViewCell.swift */; };
		05C5AE7B20B8D8E200A3E7A9 /* ReviewItem.swift in Sources */ = {isa = PBXBuildFile; fileRef = 05C5AE7A20B8D8E200A3E7A9 /* ReviewItem.swift */; };
		05C5AE7D20B94C1100A3E7A9 /* ChatViewController.swift in Sources */ = {isa = PBXBuildFile; fileRef = 05C5AE7C20B94C1100A3E7A9 /* ChatViewController.swift */; };
		05C5AE7F20B94C2100A3E7A9 /* ChatDataSource.swift in Sources */ = {isa = PBXBuildFile; fileRef = 05C5AE7E20B94C2100A3E7A9 /* ChatDataSource.swift */; };
		05C5AE8120B94D0000A3E7A9 /* Message.swift in Sources */ = {isa = PBXBuildFile; fileRef = 05C5AE8020B94D0000A3E7A9 /* Message.swift */; };
		05C5AE8320B94E1700A3E7A9 /* MessageItem.swift in Sources */ = {isa = PBXBuildFile; fileRef = 05C5AE8220B94E1700A3E7A9 /* MessageItem.swift */; };
		05C5AE8520B94E8600A3E7A9 /* MessageService.swift in Sources */ = {isa = PBXBuildFile; fileRef = 05C5AE8420B94E8600A3E7A9 /* MessageService.swift */; };
		05C5AE8C20B96A3700A3E7A9 /* ChatListViewController.swift in Sources */ = {isa = PBXBuildFile; fileRef = 05C5AE8A20B96A3700A3E7A9 /* ChatListViewController.swift */; };
		05C5AE8D20B96A3700A3E7A9 /* ChatListViewModel.swift in Sources */ = {isa = PBXBuildFile; fileRef = 05C5AE8B20B96A3700A3E7A9 /* ChatListViewModel.swift */; };
		05D29F2E20B2E7C000035BAE /* AuthItem.swift in Sources */ = {isa = PBXBuildFile; fileRef = 05D29F2D20B2E7BF00035BAE /* AuthItem.swift */; };
		05D29F3520B30DE400035BAE /* DetailAccountViewController.swift in Sources */ = {isa = PBXBuildFile; fileRef = 05D29F3020B30DE400035BAE /* DetailAccountViewController.swift */; };
		05D29F3620B30DE400035BAE /* DetailAccountViewModel.swift in Sources */ = {isa = PBXBuildFile; fileRef = 05D29F3120B30DE400035BAE /* DetailAccountViewModel.swift */; };
		05D29F3720B30DE400035BAE /* AccountListViewController.swift in Sources */ = {isa = PBXBuildFile; fileRef = 05D29F3320B30DE400035BAE /* AccountListViewController.swift */; };
		05D29F3820B30DE400035BAE /* AccountListViewModel.swift in Sources */ = {isa = PBXBuildFile; fileRef = 05D29F3420B30DE400035BAE /* AccountListViewModel.swift */; };
		E118633420A380EE009774B9 /* GoodsTranslator.swift in Sources */ = {isa = PBXBuildFile; fileRef = E118633320A380EE009774B9 /* GoodsTranslator.swift */; };
		E118633620A38298009774B9 /* DictionaryExtension.swift in Sources */ = {isa = PBXBuildFile; fileRef = E118633520A38298009774B9 /* DictionaryExtension.swift */; };
		E118633820A384C7009774B9 /* GoodsRequest.swift in Sources */ = {isa = PBXBuildFile; fileRef = E118633720A384C7009774B9 /* GoodsRequest.swift */; };
		E1D2DFBE208F9C2200FC4F69 /* AppDelegate.swift in Sources */ = {isa = PBXBuildFile; fileRef = E1D2DFBD208F9C2200FC4F69 /* AppDelegate.swift */; };
		E1D2DFC3208F9C2200FC4F69 /* Main.storyboard in Resources */ = {isa = PBXBuildFile; fileRef = E1D2DFC1208F9C2200FC4F69 /* Main.storyboard */; };
		E1D2DFC5208F9C2200FC4F69 /* Assets.xcassets in Resources */ = {isa = PBXBuildFile; fileRef = E1D2DFC4208F9C2200FC4F69 /* Assets.xcassets */; };
		E1D2DFC8208F9C2200FC4F69 /* LaunchScreen.storyboard in Resources */ = {isa = PBXBuildFile; fileRef = E1D2DFC6208F9C2200FC4F69 /* LaunchScreen.storyboard */; };
		F32652583698F8C88F158BC1 /* Pods_crm_ios_app.framework in Frameworks */ = {isa = PBXBuildFile; fileRef = 74A8D78D8A7FCA49BF669980 /* Pods_crm_ios_app.framework */; };
/* End PBXBuildFile section */

/* Begin PBXFileReference section */
		052C6F0A20AAEDB8009B8EDB /* Shop.swift */ = {isa = PBXFileReference; lastKnownFileType = sourcecode.swift; path = Shop.swift; sourceTree = "<group>"; };
		055084C020A9D226001D84AD /* ShopViewController.swift */ = {isa = PBXFileReference; lastKnownFileType = sourcecode.swift; path = ShopViewController.swift; sourceTree = "<group>"; };
		055084C420A9D3CD001D84AD /* BaseMessageCollectionViewCellAvatarStyle.swift */ = {isa = PBXFileReference; fileEncoding = 4; lastKnownFileType = sourcecode.swift; path = BaseMessageCollectionViewCellAvatarStyle.swift; sourceTree = "<group>"; };
		055084C620A9D3CE001D84AD /* DemoTextMessageModel.swift */ = {isa = PBXFileReference; fileEncoding = 4; lastKnownFileType = sourcecode.swift; path = DemoTextMessageModel.swift; sourceTree = "<group>"; };
		055084C720A9D3CE001D84AD /* DemoTextMessageHandler.swift */ = {isa = PBXFileReference; fileEncoding = 4; lastKnownFileType = sourcecode.swift; path = DemoTextMessageHandler.swift; sourceTree = "<group>"; };
		055084C820A9D3CE001D84AD /* DemoTextMessageViewModel.swift */ = {isa = PBXFileReference; fileEncoding = 4; lastKnownFileType = sourcecode.swift; path = DemoTextMessageViewModel.swift; sourceTree = "<group>"; };
		055084CF20A9D3F3001D84AD /* DemoChatMessageSender.swift */ = {isa = PBXFileReference; fileEncoding = 4; lastKnownFileType = sourcecode.swift; path = DemoChatMessageSender.swift; sourceTree = "<group>"; };
		055084D020A9D3F3001D84AD /* DemoChatDataSource.swift */ = {isa = PBXFileReference; fileEncoding = 4; lastKnownFileType = sourcecode.swift; path = DemoChatDataSource.swift; sourceTree = "<group>"; };
		055084D620A9D66B001D84AD /* Review.swift */ = {isa = PBXFileReference; lastKnownFileType = sourcecode.swift; path = Review.swift; sourceTree = "<group>"; };
		055084D820A9D706001D84AD /* ReviewsService.swift */ = {isa = PBXFileReference; lastKnownFileType = sourcecode.swift; path = ReviewsService.swift; sourceTree = "<group>"; };
		055084DA20AAC3B5001D84AD /* DemoChatItemsDecorator.swift */ = {isa = PBXFileReference; fileEncoding = 4; lastKnownFileType = sourcecode.swift; path = DemoChatItemsDecorator.swift; sourceTree = "<group>"; };
		0568E4902098B7440079D181 /* UserService.swift */ = {isa = PBXFileReference; lastKnownFileType = sourcecode.swift; path = UserService.swift; sourceTree = "<group>"; };
		0568E4932098B7B90079D181 /* NetworkTransport.swift */ = {isa = PBXFileReference; lastKnownFileType = sourcecode.swift; path = NetworkTransport.swift; sourceTree = "<group>"; };
		0568E4972098BD160079D181 /* RequestProtocol.swift */ = {isa = PBXFileReference; lastKnownFileType = sourcecode.swift; path = RequestProtocol.swift; sourceTree = "<group>"; };
		0568E4992098BD410079D181 /* TranslatorProtocol.swift */ = {isa = PBXFileReference; lastKnownFileType = sourcecode.swift; path = TranslatorProtocol.swift; sourceTree = "<group>"; };
		0589933B20987E1A006265CE /* Shop.storyboard */ = {isa = PBXFileReference; fileEncoding = 4; lastKnownFileType = file.storyboard; path = Shop.storyboard; sourceTree = "<group>"; };
		0589933D20987E35006265CE /* Chat.storyboard */ = {isa = PBXFileReference; fileEncoding = 4; lastKnownFileType = file.storyboard; path = Chat.storyboard; sourceTree = "<group>"; };
		0589934220987F27006265CE /* Accounts.storyboard */ = {isa = PBXFileReference; fileEncoding = 4; lastKnownFileType = file.storyboard; path = Accounts.storyboard; sourceTree = "<group>"; };
		0589934420987F3E006265CE /* Reports.storyboard */ = {isa = PBXFileReference; fileEncoding = 4; lastKnownFileType = file.storyboard; path = Reports.storyboard; sourceTree = "<group>"; };
		0589934620987F57006265CE /* Goods.storyboard */ = {isa = PBXFileReference; fileEncoding = 4; lastKnownFileType = file.storyboard; path = Goods.storyboard; sourceTree = "<group>"; };
		059016542098EA690030A0CA /* User.swift */ = {isa = PBXFileReference; lastKnownFileType = sourcecode.swift; path = User.swift; sourceTree = "<group>"; };
		059016582098F5B70030A0CA /* TabBarController.swift */ = {isa = PBXFileReference; lastKnownFileType = sourcecode.swift; path = TabBarController.swift; sourceTree = "<group>"; };
		0590165D209900AE0030A0CA /* UIStoryboardExtensions.swift */ = {isa = PBXFileReference; lastKnownFileType = sourcecode.swift; path = UIStoryboardExtensions.swift; sourceTree = "<group>"; };
		0590166120990C360030A0CA /* GoodsListViewController.swift */ = {isa = PBXFileReference; lastKnownFileType = sourcecode.swift; path = GoodsListViewController.swift; sourceTree = "<group>"; };
		0590166320990C430030A0CA /* GoodsListViewModel.swift */ = {isa = PBXFileReference; lastKnownFileType = sourcecode.swift; path = GoodsListViewModel.swift; sourceTree = "<group>"; };
		0590166520990C8E0030A0CA /* Good.swift */ = {isa = PBXFileReference; lastKnownFileType = sourcecode.swift; path = Good.swift; sourceTree = "<group>"; };
		0590166720990D0E0030A0CA /* GoodsService.swift */ = {isa = PBXFileReference; lastKnownFileType = sourcecode.swift; path = GoodsService.swift; sourceTree = "<group>"; };
		0590166A209914AA0030A0CA /* DetailGoodViewController.swift */ = {isa = PBXFileReference; lastKnownFileType = sourcecode.swift; path = DetailGoodViewController.swift; sourceTree = "<group>"; };
		0590166C209914B50030A0CA /* DetailGoodViewModel.swift */ = {isa = PBXFileReference; lastKnownFileType = sourcecode.swift; path = DetailGoodViewModel.swift; sourceTree = "<group>"; };
		05901670209A0A1A0030A0CA /* DiscountListViewController.swift */ = {isa = PBXFileReference; lastKnownFileType = sourcecode.swift; path = DiscountListViewController.swift; sourceTree = "<group>"; };
		05901672209A0A280030A0CA /* DiscountListViewModel.swift */ = {isa = PBXFileReference; lastKnownFileType = sourcecode.swift; path = DiscountListViewModel.swift; sourceTree = "<group>"; };
		05901674209A0C9C0030A0CA /* Discount.swift */ = {isa = PBXFileReference; lastKnownFileType = sourcecode.swift; path = Discount.swift; sourceTree = "<group>"; };
		05901676209A0D6E0030A0CA /* DiscountService.swift */ = {isa = PBXFileReference; lastKnownFileType = sourcecode.swift; path = DiscountService.swift; sourceTree = "<group>"; };
		05901679209A4A050030A0CA /* DetailDiscountViewController.swift */ = {isa = PBXFileReference; lastKnownFileType = sourcecode.swift; path = DetailDiscountViewController.swift; sourceTree = "<group>"; };
		0590167B209A4A140030A0CA /* DetailDiscountViewModel.swift */ = {isa = PBXFileReference; lastKnownFileType = sourcecode.swift; path = DetailDiscountViewModel.swift; sourceTree = "<group>"; };
		059CF48F209880D1002AAB88 /* Discounts.storyboard */ = {isa = PBXFileReference; fileEncoding = 4; lastKnownFileType = file.storyboard; path = Discounts.storyboard; sourceTree = "<group>"; };
		05ADF2BE2098A4DB004DBEA7 /* Authorization.storyboard */ = {isa = PBXFileReference; lastKnownFileType = file.storyboard; path = Authorization.storyboard; sourceTree = "<group>"; };
		05ADF2C12098AC07004DBEA7 /* SignInViewController.swift */ = {isa = PBXFileReference; lastKnownFileType = sourcecode.swift; path = SignInViewController.swift; sourceTree = "<group>"; };
		05ADF2C42098AC2A004DBEA7 /* SignInViewModel.swift */ = {isa = PBXFileReference; lastKnownFileType = sourcecode.swift; path = SignInViewModel.swift; sourceTree = "<group>"; };
		05C5AE6B20B8A51000A3E7A9 /* UIWindowExtensions.swift */ = {isa = PBXFileReference; fileEncoding = 4; lastKnownFileType = sourcecode.swift; path = UIWindowExtensions.swift; sourceTree = "<group>"; };
		05C5AE6D20B8A7D500A3E7A9 /* ReportPickerViewController.swift */ = {isa = PBXFileReference; lastKnownFileType = sourcecode.swift; path = ReportPickerViewController.swift; sourceTree = "<group>"; };
		05C5AE6F20B8A7E200A3E7A9 /* ReportViewController.swift */ = {isa = PBXFileReference; lastKnownFileType = sourcecode.swift; path = ReportViewController.swift; sourceTree = "<group>"; };
		05C5AE7420B8D0C600A3E7A9 /* TimeSeparatorModel.swift */ = {isa = PBXFileReference; fileEncoding = 4; lastKnownFileType = sourcecode.swift; path = TimeSeparatorModel.swift; sourceTree = "<group>"; };
		05C5AE7520B8D0C600A3E7A9 /* TimeSeparatorPresenter.swift */ = {isa = PBXFileReference; fileEncoding = 4; lastKnownFileType = sourcecode.swift; path = TimeSeparatorPresenter.swift; sourceTree = "<group>"; };
		05C5AE7620B8D0C600A3E7A9 /* TimeSeparatorCollectionViewCell.swift */ = {isa = PBXFileReference; fileEncoding = 4; lastKnownFileType = sourcecode.swift; path = TimeSeparatorCollectionViewCell.swift; sourceTree = "<group>"; };
		05C5AE7A20B8D8E200A3E7A9 /* ReviewItem.swift */ = {isa = PBXFileReference; lastKnownFileType = sourcecode.swift; path = ReviewItem.swift; sourceTree = "<group>"; };
		05C5AE7C20B94C1100A3E7A9 /* ChatViewController.swift */ = {isa = PBXFileReference; lastKnownFileType = sourcecode.swift; path = ChatViewController.swift; sourceTree = "<group>"; };
		05C5AE7E20B94C2100A3E7A9 /* ChatDataSource.swift */ = {isa = PBXFileReference; lastKnownFileType = sourcecode.swift; path = ChatDataSource.swift; sourceTree = "<group>"; };
		05C5AE8020B94D0000A3E7A9 /* Message.swift */ = {isa = PBXFileReference; lastKnownFileType = sourcecode.swift; path = Message.swift; sourceTree = "<group>"; };
		05C5AE8220B94E1700A3E7A9 /* MessageItem.swift */ = {isa = PBXFileReference; lastKnownFileType = sourcecode.swift; path = MessageItem.swift; sourceTree = "<group>"; };
		05C5AE8420B94E8600A3E7A9 /* MessageService.swift */ = {isa = PBXFileReference; lastKnownFileType = sourcecode.swift; path = MessageService.swift; sourceTree = "<group>"; };
		05C5AE8A20B96A3700A3E7A9 /* ChatListViewController.swift */ = {isa = PBXFileReference; fileEncoding = 4; lastKnownFileType = sourcecode.swift; path = ChatListViewController.swift; sourceTree = "<group>"; };
		05C5AE8B20B96A3700A3E7A9 /* ChatListViewModel.swift */ = {isa = PBXFileReference; fileEncoding = 4; lastKnownFileType = sourcecode.swift; path = ChatListViewModel.swift; sourceTree = "<group>"; };
		05D29F2D20B2E7BF00035BAE /* AuthItem.swift */ = {isa = PBXFileReference; lastKnownFileType = sourcecode.swift; path = AuthItem.swift; sourceTree = "<group>"; };
		05D29F3020B30DE400035BAE /* DetailAccountViewController.swift */ = {isa = PBXFileReference; fileEncoding = 4; lastKnownFileType = sourcecode.swift; path = DetailAccountViewController.swift; sourceTree = "<group>"; };
		05D29F3120B30DE400035BAE /* DetailAccountViewModel.swift */ = {isa = PBXFileReference; fileEncoding = 4; lastKnownFileType = sourcecode.swift; path = DetailAccountViewModel.swift; sourceTree = "<group>"; };
		05D29F3320B30DE400035BAE /* AccountListViewController.swift */ = {isa = PBXFileReference; fileEncoding = 4; lastKnownFileType = sourcecode.swift; path = AccountListViewController.swift; sourceTree = "<group>"; };
		05D29F3420B30DE400035BAE /* AccountListViewModel.swift */ = {isa = PBXFileReference; fileEncoding = 4; lastKnownFileType = sourcecode.swift; path = AccountListViewModel.swift; sourceTree = "<group>"; };
		670D73179BA862FBC1F399B7 /* Pods-crm-ios-app.debug.xcconfig */ = {isa = PBXFileReference; includeInIndex = 1; lastKnownFileType = text.xcconfig; name = "Pods-crm-ios-app.debug.xcconfig"; path = "Pods/Target Support Files/Pods-crm-ios-app/Pods-crm-ios-app.debug.xcconfig"; sourceTree = "<group>"; };
		692A9A29A09BC729F7AF76D9 /* Pods-crm-ios-app.release.xcconfig */ = {isa = PBXFileReference; includeInIndex = 1; lastKnownFileType = text.xcconfig; name = "Pods-crm-ios-app.release.xcconfig"; path = "Pods/Target Support Files/Pods-crm-ios-app/Pods-crm-ios-app.release.xcconfig"; sourceTree = "<group>"; };
		74A8D78D8A7FCA49BF669980 /* Pods_crm_ios_app.framework */ = {isa = PBXFileReference; explicitFileType = wrapper.framework; includeInIndex = 0; path = Pods_crm_ios_app.framework; sourceTree = BUILT_PRODUCTS_DIR; };
		E118633320A380EE009774B9 /* GoodsTranslator.swift */ = {isa = PBXFileReference; lastKnownFileType = sourcecode.swift; path = GoodsTranslator.swift; sourceTree = "<group>"; };
		E118633520A38298009774B9 /* DictionaryExtension.swift */ = {isa = PBXFileReference; lastKnownFileType = sourcecode.swift; path = DictionaryExtension.swift; sourceTree = "<group>"; };
		E118633720A384C7009774B9 /* GoodsRequest.swift */ = {isa = PBXFileReference; lastKnownFileType = sourcecode.swift; path = GoodsRequest.swift; sourceTree = "<group>"; };
		E1D2DFBA208F9C2200FC4F69 /* crm-ios-app.app */ = {isa = PBXFileReference; explicitFileType = wrapper.application; includeInIndex = 0; path = "crm-ios-app.app"; sourceTree = BUILT_PRODUCTS_DIR; };
		E1D2DFBD208F9C2200FC4F69 /* AppDelegate.swift */ = {isa = PBXFileReference; lastKnownFileType = sourcecode.swift; path = AppDelegate.swift; sourceTree = "<group>"; };
		E1D2DFC2208F9C2200FC4F69 /* Base */ = {isa = PBXFileReference; lastKnownFileType = file.storyboard; name = Base; path = Base.lproj/Main.storyboard; sourceTree = "<group>"; };
		E1D2DFC4208F9C2200FC4F69 /* Assets.xcassets */ = {isa = PBXFileReference; lastKnownFileType = folder.assetcatalog; path = Assets.xcassets; sourceTree = "<group>"; };
		E1D2DFC7208F9C2200FC4F69 /* Base */ = {isa = PBXFileReference; lastKnownFileType = file.storyboard; name = Base; path = Base.lproj/LaunchScreen.storyboard; sourceTree = "<group>"; };
		E1D2DFC9208F9C2200FC4F69 /* Info.plist */ = {isa = PBXFileReference; lastKnownFileType = text.plist.xml; path = Info.plist; sourceTree = "<group>"; };
/* End PBXFileReference section */

/* Begin PBXFrameworksBuildPhase section */
		E1D2DFB7208F9C2200FC4F69 /* Frameworks */ = {
			isa = PBXFrameworksBuildPhase;
			buildActionMask = 2147483647;
			files = (
				F32652583698F8C88F158BC1 /* Pods_crm_ios_app.framework in Frameworks */,
			);
			runOnlyForDeploymentPostprocessing = 0;
		};
/* End PBXFrameworksBuildPhase section */

/* Begin PBXGroup section */
		055084C220A9D3CD001D84AD /* Base Message */ = {
			isa = PBXGroup;
			children = (
				055084C420A9D3CD001D84AD /* BaseMessageCollectionViewCellAvatarStyle.swift */,
			);
			path = "Base Message";
			sourceTree = "<group>";
		};
		055084C520A9D3CE001D84AD /* Text Messages */ = {
			isa = PBXGroup;
			children = (
				055084C620A9D3CE001D84AD /* DemoTextMessageModel.swift */,
				055084C720A9D3CE001D84AD /* DemoTextMessageHandler.swift */,
				055084C820A9D3CE001D84AD /* DemoTextMessageViewModel.swift */,
			);
			path = "Text Messages";
			sourceTree = "<group>";
		};
		0568E4922098B7A00079D181 /* NetworkCore */ = {
			isa = PBXGroup;
			children = (
				0568E4962098BD050079D181 /* Translators */,
				0568E4952098BCFF0079D181 /* Requests */,
				0568E4932098B7B90079D181 /* NetworkTransport.swift */,
			);
			path = NetworkCore;
			sourceTree = "<group>";
		};
		0568E4952098BCFF0079D181 /* Requests */ = {
			isa = PBXGroup;
			children = (
				0568E4972098BD160079D181 /* RequestProtocol.swift */,
				E118633720A384C7009774B9 /* GoodsRequest.swift */,
			);
			path = Requests;
			sourceTree = "<group>";
		};
		0568E4962098BD050079D181 /* Translators */ = {
			isa = PBXGroup;
			children = (
				0568E4992098BD410079D181 /* TranslatorProtocol.swift */,
				E118633320A380EE009774B9 /* GoodsTranslator.swift */,
			);
			path = Translators;
			sourceTree = "<group>";
		};
		0589933420987C7E006265CE /* Chat */ = {
			isa = PBXGroup;
			children = (
				0589933D20987E35006265CE /* Chat.storyboard */,
				0589933A20987DFE006265CE /* Modules */,
			);
			path = Chat;
			sourceTree = "<group>";
		};
		0589933520987C87006265CE /* Discounts */ = {
			isa = PBXGroup;
			children = (
				0590166E209A097E0030A0CA /* Modules */,
				059CF48F209880D1002AAB88 /* Discounts.storyboard */,
			);
			path = Discounts;
			sourceTree = "<group>";
		};
		0589933620987CAF006265CE /* Accounts */ = {
			isa = PBXGroup;
			children = (
				05D29F2F20B30DE400035BAE /* AccountDetailed */,
				05D29F3220B30DE400035BAE /* AccountsList */,
				0589934220987F27006265CE /* Accounts.storyboard */,
			);
			path = Accounts;
			sourceTree = "<group>";
		};
		0589933720987CE4006265CE /* Reports */ = {
			isa = PBXGroup;
			children = (
				0589934420987F3E006265CE /* Reports.storyboard */,
				05C5AE6D20B8A7D500A3E7A9 /* ReportPickerViewController.swift */,
				05C5AE6F20B8A7E200A3E7A9 /* ReportViewController.swift */,
			);
			path = Reports;
			sourceTree = "<group>";
		};
		0589933820987DDE006265CE /* Goods */ = {
			isa = PBXGroup;
			children = (
				0590165F20990C0A0030A0CA /* Modules */,
				0589934620987F57006265CE /* Goods.storyboard */,
			);
			path = Goods;
			sourceTree = "<group>";
		};
		0589933920987DEF006265CE /* Shop */ = {
			isa = PBXGroup;
			children = (
				059016562098F5820030A0CA /* Modules */,
				0589933B20987E1A006265CE /* Shop.storyboard */,
			);
			path = Shop;
			sourceTree = "<group>";
		};
		0589933A20987DFE006265CE /* Modules */ = {
			isa = PBXGroup;
			children = (
				05C5AE8A20B96A3700A3E7A9 /* ChatListViewController.swift */,
				05C5AE8B20B96A3700A3E7A9 /* ChatListViewModel.swift */,
				05C5AE7C20B94C1100A3E7A9 /* ChatViewController.swift */,
				05C5AE7E20B94C2100A3E7A9 /* ChatDataSource.swift */,
			);
			path = Modules;
			sourceTree = "<group>";
		};
		059016532098EA5F0030A0CA /* Models */ = {
			isa = PBXGroup;
			children = (
				059016542098EA690030A0CA /* User.swift */,
				0590166520990C8E0030A0CA /* Good.swift */,
				05901674209A0C9C0030A0CA /* Discount.swift */,
				055084D620A9D66B001D84AD /* Review.swift */,
				052C6F0A20AAEDB8009B8EDB /* Shop.swift */,
				05D29F2D20B2E7BF00035BAE /* AuthItem.swift */,
				05C5AE7A20B8D8E200A3E7A9 /* ReviewItem.swift */,
				05C5AE8020B94D0000A3E7A9 /* Message.swift */,
				05C5AE8220B94E1700A3E7A9 /* MessageItem.swift */,
			);
			path = Models;
			sourceTree = "<group>";
		};
		059016562098F5820030A0CA /* Modules */ = {
			isa = PBXGroup;
			children = (
				055084DA20AAC3B5001D84AD /* DemoChatItemsDecorator.swift */,
				055084D020A9D3F3001D84AD /* DemoChatDataSource.swift */,
				055084CF20A9D3F3001D84AD /* DemoChatMessageSender.swift */,
				05C5AE7320B8D0C600A3E7A9 /* Time Separator */,
				055084C220A9D3CD001D84AD /* Base Message */,
				055084C520A9D3CE001D84AD /* Text Messages */,
				055084C020A9D226001D84AD /* ShopViewController.swift */,
			);
			path = Modules;
			sourceTree = "<group>";
		};
		059016572098F58E0030A0CA /* Common */ = {
			isa = PBXGroup;
			children = (
				059016582098F5B70030A0CA /* TabBarController.swift */,
			);
			path = Common;
			sourceTree = "<group>";
		};
		0590165C2099009D0030A0CA /* Extensions */ = {
			isa = PBXGroup;
			children = (
				0590165D209900AE0030A0CA /* UIStoryboardExtensions.swift */,
				05C5AE6B20B8A51000A3E7A9 /* UIWindowExtensions.swift */,
				E118633520A38298009774B9 /* DictionaryExtension.swift */,
			);
			path = Extensions;
			sourceTree = "<group>";
		};
		0590165F20990C0A0030A0CA /* Modules */ = {
			isa = PBXGroup;
			children = (
				05901669209914960030A0CA /* GoodDetailed */,
				0590166020990C120030A0CA /* GoodsList */,
			);
			path = Modules;
			sourceTree = "<group>";
		};
		0590166020990C120030A0CA /* GoodsList */ = {
			isa = PBXGroup;
			children = (
				0590166120990C360030A0CA /* GoodsListViewController.swift */,
				0590166320990C430030A0CA /* GoodsListViewModel.swift */,
			);
			path = GoodsList;
			sourceTree = "<group>";
		};
		05901669209914960030A0CA /* GoodDetailed */ = {
			isa = PBXGroup;
			children = (
				0590166A209914AA0030A0CA /* DetailGoodViewController.swift */,
				0590166C209914B50030A0CA /* DetailGoodViewModel.swift */,
			);
			path = GoodDetailed;
			sourceTree = "<group>";
		};
		0590166E209A097E0030A0CA /* Modules */ = {
			isa = PBXGroup;
			children = (
				05901678209A49F00030A0CA /* DetailDiscount */,
				0590166F209A09870030A0CA /* DiscountList */,
			);
			path = Modules;
			sourceTree = "<group>";
		};
		0590166F209A09870030A0CA /* DiscountList */ = {
			isa = PBXGroup;
			children = (
				05901670209A0A1A0030A0CA /* DiscountListViewController.swift */,
				05901672209A0A280030A0CA /* DiscountListViewModel.swift */,
			);
			path = DiscountList;
			sourceTree = "<group>";
		};
		05901678209A49F00030A0CA /* DetailDiscount */ = {
			isa = PBXGroup;
			children = (
				05901679209A4A050030A0CA /* DetailDiscountViewController.swift */,
				0590167B209A4A140030A0CA /* DetailDiscountViewModel.swift */,
			);
			path = DetailDiscount;
			sourceTree = "<group>";
		};
		05ADF2BD2098A319004DBEA7 /* Authorization */ = {
			isa = PBXGroup;
			children = (
				05ADF2C02098A4F4004DBEA7 /* Modules */,
				05ADF2BE2098A4DB004DBEA7 /* Authorization.storyboard */,
			);
			path = Authorization;
			sourceTree = "<group>";
		};
		05ADF2C02098A4F4004DBEA7 /* Modules */ = {
			isa = PBXGroup;
			children = (
				05ADF2C32098AC16004DBEA7 /* SignIn */,
			);
			path = Modules;
			sourceTree = "<group>";
		};
		05ADF2C32098AC16004DBEA7 /* SignIn */ = {
			isa = PBXGroup;
			children = (
				05ADF2C12098AC07004DBEA7 /* SignInViewController.swift */,
				05ADF2C42098AC2A004DBEA7 /* SignInViewModel.swift */,
			);
			path = SignIn;
			sourceTree = "<group>";
		};
		05C5AE7320B8D0C600A3E7A9 /* Time Separator */ = {
			isa = PBXGroup;
			children = (
				05C5AE7420B8D0C600A3E7A9 /* TimeSeparatorModel.swift */,
				05C5AE7520B8D0C600A3E7A9 /* TimeSeparatorPresenter.swift */,
				05C5AE7620B8D0C600A3E7A9 /* TimeSeparatorCollectionViewCell.swift */,
			);
			path = "Time Separator";
			sourceTree = "<group>";
		};
		05D29F2F20B30DE400035BAE /* AccountDetailed */ = {
			isa = PBXGroup;
			children = (
				05D29F3020B30DE400035BAE /* DetailAccountViewController.swift */,
				05D29F3120B30DE400035BAE /* DetailAccountViewModel.swift */,
			);
			path = AccountDetailed;
			sourceTree = "<group>";
		};
		05D29F3220B30DE400035BAE /* AccountsList */ = {
			isa = PBXGroup;
			children = (
				05D29F3320B30DE400035BAE /* AccountListViewController.swift */,
				05D29F3420B30DE400035BAE /* AccountListViewModel.swift */,
			);
			path = AccountsList;
			sourceTree = "<group>";
		};
		18B3ACC9137C335559335B27 /* Frameworks */ = {
			isa = PBXGroup;
			children = (
				74A8D78D8A7FCA49BF669980 /* Pods_crm_ios_app.framework */,
			);
			name = Frameworks;
			sourceTree = "<group>";
		};
		6CBDC36C26BEE59457D05F4E /* Pods */ = {
			isa = PBXGroup;
			children = (
				670D73179BA862FBC1F399B7 /* Pods-crm-ios-app.debug.xcconfig */,
				692A9A29A09BC729F7AF76D9 /* Pods-crm-ios-app.release.xcconfig */,
			);
			name = Pods;
			sourceTree = "<group>";
		};
		E1D2DFB1208F9C2200FC4F69 = {
			isa = PBXGroup;
			children = (
				E1D2DFBC208F9C2200FC4F69 /* crm-ios-app */,
				E1D2DFBB208F9C2200FC4F69 /* Products */,
				6CBDC36C26BEE59457D05F4E /* Pods */,
				18B3ACC9137C335559335B27 /* Frameworks */,
			);
			sourceTree = "<group>";
		};
		E1D2DFBB208F9C2200FC4F69 /* Products */ = {
			isa = PBXGroup;
			children = (
				E1D2DFBA208F9C2200FC4F69 /* crm-ios-app.app */,
			);
			name = Products;
			sourceTree = "<group>";
		};
		E1D2DFBC208F9C2200FC4F69 /* crm-ios-app */ = {
			isa = PBXGroup;
			children = (
				E1D2DFDD208F9C5D00FC4F69 /* Classes */,
				E1D2DFDF208F9C7600FC4F69 /* SupportingFiles */,
				E1D2DFDE208F9C6900FC4F69 /* Resources */,
			);
			path = "crm-ios-app";
			sourceTree = "<group>";
		};
		E1D2DFDD208F9C5D00FC4F69 /* Classes */ = {
			isa = PBXGroup;
			children = (
				E1D2DFE4208F9E0000FC4F69 /* ApplicationLayer */,
				E1D2DFE1208F9CC000FC4F69 /* PresentationLayer */,
				E1D2DFE0208F9CAA00FC4F69 /* BusinessLogicLayer */,
			);
			path = Classes;
			sourceTree = "<group>";
		};
		E1D2DFDE208F9C6900FC4F69 /* Resources */ = {
			isa = PBXGroup;
			children = (
				E1D2DFC4208F9C2200FC4F69 /* Assets.xcassets */,
			);
			path = Resources;
			sourceTree = "<group>";
		};
		E1D2DFDF208F9C7600FC4F69 /* SupportingFiles */ = {
			isa = PBXGroup;
			children = (
				E1D2DFC9208F9C2200FC4F69 /* Info.plist */,
			);
			path = SupportingFiles;
			sourceTree = "<group>";
		};
		E1D2DFE0208F9CAA00FC4F69 /* BusinessLogicLayer */ = {
			isa = PBXGroup;
			children = (
				059016532098EA5F0030A0CA /* Models */,
				0568E4922098B7A00079D181 /* NetworkCore */,
				0568E4902098B7440079D181 /* UserService.swift */,
				0590166720990D0E0030A0CA /* GoodsService.swift */,
				05901676209A0D6E0030A0CA /* DiscountService.swift */,
				055084D820A9D706001D84AD /* ReviewsService.swift */,
				05C5AE8420B94E8600A3E7A9 /* MessageService.swift */,
			);
			path = BusinessLogicLayer;
			sourceTree = "<group>";
		};
		E1D2DFE1208F9CC000FC4F69 /* PresentationLayer */ = {
			isa = PBXGroup;
			children = (
				059016572098F58E0030A0CA /* Common */,
				E1D2DFC1208F9C2200FC4F69 /* Main.storyboard */,
				E1D2DFE2208F9D0300FC4F69 /* UserStories */,
			);
			path = PresentationLayer;
			sourceTree = "<group>";
		};
		E1D2DFE2208F9D0300FC4F69 /* UserStories */ = {
			isa = PBXGroup;
			children = (
				05ADF2BD2098A319004DBEA7 /* Authorization */,
				0589933920987DEF006265CE /* Shop */,
				0589933820987DDE006265CE /* Goods */,
				0589933720987CE4006265CE /* Reports */,
				0589933620987CAF006265CE /* Accounts */,
				0589933520987C87006265CE /* Discounts */,
				0589933420987C7E006265CE /* Chat */,
			);
			path = UserStories;
			sourceTree = "<group>";
		};
		E1D2DFE4208F9E0000FC4F69 /* ApplicationLayer */ = {
			isa = PBXGroup;
			children = (
				0590165C2099009D0030A0CA /* Extensions */,
				E1D2DFBD208F9C2200FC4F69 /* AppDelegate.swift */,
				E1D2DFC6208F9C2200FC4F69 /* LaunchScreen.storyboard */,
			);
			path = ApplicationLayer;
			sourceTree = "<group>";
		};
/* End PBXGroup section */

/* Begin PBXNativeTarget section */
		E1D2DFB9208F9C2200FC4F69 /* crm-ios-app */ = {
			isa = PBXNativeTarget;
			buildConfigurationList = E1D2DFD7208F9C2200FC4F69 /* Build configuration list for PBXNativeTarget "crm-ios-app" */;
			buildPhases = (
				A8A4898E37E0C3079263A995 /* [CP] Check Pods Manifest.lock */,
				E1D2DFB6208F9C2200FC4F69 /* Sources */,
				E1D2DFB7208F9C2200FC4F69 /* Frameworks */,
				E1D2DFB8208F9C2200FC4F69 /* Resources */,
				0849609634894083E357DBF7 /* [CP] Embed Pods Frameworks */,
			);
			buildRules = (
			);
			dependencies = (
			);
			name = "crm-ios-app";
			productName = AbramApp;
			productReference = E1D2DFBA208F9C2200FC4F69 /* crm-ios-app.app */;
			productType = "com.apple.product-type.application";
		};
/* End PBXNativeTarget section */

/* Begin PBXProject section */
		E1D2DFB2208F9C2200FC4F69 /* Project object */ = {
			isa = PBXProject;
			attributes = {
				LastSwiftUpdateCheck = 0920;
				LastUpgradeCheck = 0930;
				ORGANIZATIONNAME = itis;
				TargetAttributes = {
					E1D2DFB9208F9C2200FC4F69 = {
						CreatedOnToolsVersion = 9.2;
						ProvisioningStyle = Automatic;
					};
				};
			};
			buildConfigurationList = E1D2DFB5208F9C2200FC4F69 /* Build configuration list for PBXProject "crm-ios" */;
			compatibilityVersion = "Xcode 8.0";
			developmentRegion = en;
			hasScannedForEncodings = 0;
			knownRegions = (
				en,
				Base,
			);
			mainGroup = E1D2DFB1208F9C2200FC4F69;
			productRefGroup = E1D2DFBB208F9C2200FC4F69 /* Products */;
			projectDirPath = "";
			projectRoot = "";
			targets = (
				E1D2DFB9208F9C2200FC4F69 /* crm-ios-app */,
			);
		};
/* End PBXProject section */

/* Begin PBXResourcesBuildPhase section */
		E1D2DFB8208F9C2200FC4F69 /* Resources */ = {
			isa = PBXResourcesBuildPhase;
			buildActionMask = 2147483647;
			files = (
				0589934520987F3E006265CE /* Reports.storyboard in Resources */,
				0589933C20987E1A006265CE /* Shop.storyboard in Resources */,
				E1D2DFC8208F9C2200FC4F69 /* LaunchScreen.storyboard in Resources */,
				E1D2DFC5208F9C2200FC4F69 /* Assets.xcassets in Resources */,
				0589934720987F57006265CE /* Goods.storyboard in Resources */,
				0589933E20987E35006265CE /* Chat.storyboard in Resources */,
				05ADF2BF2098A4DB004DBEA7 /* Authorization.storyboard in Resources */,
				E1D2DFC3208F9C2200FC4F69 /* Main.storyboard in Resources */,
				0589934320987F27006265CE /* Accounts.storyboard in Resources */,
				059CF490209880D1002AAB88 /* Discounts.storyboard in Resources */,
			);
			runOnlyForDeploymentPostprocessing = 0;
		};
/* End PBXResourcesBuildPhase section */

/* Begin PBXShellScriptBuildPhase section */
		0849609634894083E357DBF7 /* [CP] Embed Pods Frameworks */ = {
			isa = PBXShellScriptBuildPhase;
			buildActionMask = 2147483647;
			files = (
			);
			inputPaths = (
				"${SRCROOT}/Pods/Target Support Files/Pods-crm-ios-app/Pods-crm-ios-app-frameworks.sh",
				"${BUILT_PRODUCTS_DIR}/Chatto/Chatto.framework",
				"${BUILT_PRODUCTS_DIR}/ChattoAdditions/ChattoAdditions.framework",
				"${BUILT_PRODUCTS_DIR}/IQKeyboardManagerSwift/IQKeyboardManagerSwift.framework",
				"${BUILT_PRODUCTS_DIR}/LTHRadioButton/LTHRadioButton.framework",
				"${BUILT_PRODUCTS_DIR}/RxCocoa/RxCocoa.framework",
				"${BUILT_PRODUCTS_DIR}/RxOptional/RxOptional.framework",
				"${BUILT_PRODUCTS_DIR}/RxSwift/RxSwift.framework",
				"${BUILT_PRODUCTS_DIR}/SwifterSwift/SwifterSwift.framework",
				"${BUILT_PRODUCTS_DIR}/SwiftyPickerPopover/SwiftyPickerPopover.framework",
			);
			name = "[CP] Embed Pods Frameworks";
			outputPaths = (
				"${TARGET_BUILD_DIR}/${FRAMEWORKS_FOLDER_PATH}/Chatto.framework",
				"${TARGET_BUILD_DIR}/${FRAMEWORKS_FOLDER_PATH}/ChattoAdditions.framework",
				"${TARGET_BUILD_DIR}/${FRAMEWORKS_FOLDER_PATH}/IQKeyboardManagerSwift.framework",
				"${TARGET_BUILD_DIR}/${FRAMEWORKS_FOLDER_PATH}/LTHRadioButton.framework",
				"${TARGET_BUILD_DIR}/${FRAMEWORKS_FOLDER_PATH}/RxCocoa.framework",
				"${TARGET_BUILD_DIR}/${FRAMEWORKS_FOLDER_PATH}/RxOptional.framework",
				"${TARGET_BUILD_DIR}/${FRAMEWORKS_FOLDER_PATH}/RxSwift.framework",
				"${TARGET_BUILD_DIR}/${FRAMEWORKS_FOLDER_PATH}/SwifterSwift.framework",
				"${TARGET_BUILD_DIR}/${FRAMEWORKS_FOLDER_PATH}/SwiftyPickerPopover.framework",
			);
			runOnlyForDeploymentPostprocessing = 0;
			shellPath = /bin/sh;
			shellScript = "\"${SRCROOT}/Pods/Target Support Files/Pods-crm-ios-app/Pods-crm-ios-app-frameworks.sh\"\n";
			showEnvVarsInLog = 0;
		};
		A8A4898E37E0C3079263A995 /* [CP] Check Pods Manifest.lock */ = {
			isa = PBXShellScriptBuildPhase;
			buildActionMask = 2147483647;
			files = (
			);
			inputPaths = (
				"${PODS_PODFILE_DIR_PATH}/Podfile.lock",
				"${PODS_ROOT}/Manifest.lock",
			);
			name = "[CP] Check Pods Manifest.lock";
			outputPaths = (
				"$(DERIVED_FILE_DIR)/Pods-crm-ios-app-checkManifestLockResult.txt",
			);
			runOnlyForDeploymentPostprocessing = 0;
			shellPath = /bin/sh;
			shellScript = "diff \"${PODS_PODFILE_DIR_PATH}/Podfile.lock\" \"${PODS_ROOT}/Manifest.lock\" > /dev/null\nif [ $? != 0 ] ; then\n    # print error to STDERR\n    echo \"error: The sandbox is not in sync with the Podfile.lock. Run 'pod install' or update your CocoaPods installation.\" >&2\n    exit 1\nfi\n# This output is used by Xcode 'outputs' to avoid re-running this script phase.\necho \"SUCCESS\" > \"${SCRIPT_OUTPUT_FILE_0}\"\n";
			showEnvVarsInLog = 0;
		};
/* End PBXShellScriptBuildPhase section */

/* Begin PBXSourcesBuildPhase section */
		E1D2DFB6208F9C2200FC4F69 /* Sources */ = {
			isa = PBXSourcesBuildPhase;
			buildActionMask = 2147483647;
			files = (
				0590166620990C8E0030A0CA /* Good.swift in Sources */,
				055084D320A9D3F3001D84AD /* DemoChatDataSource.swift in Sources */,
				0568E4942098B7B90079D181 /* NetworkTransport.swift in Sources */,
				05C5AE8120B94D0000A3E7A9 /* Message.swift in Sources */,
				05C5AE7D20B94C1100A3E7A9 /* ChatViewController.swift in Sources */,
				05C5AE6E20B8A7D500A3E7A9 /* ReportPickerViewController.swift in Sources */,
				05C5AE8C20B96A3700A3E7A9 /* ChatListViewController.swift in Sources */,
				05C5AE7020B8A7E200A3E7A9 /* ReportViewController.swift in Sources */,
				05ADF2C22098AC07004DBEA7 /* SignInViewController.swift in Sources */,
				E1D2DFBE208F9C2200FC4F69 /* AppDelegate.swift in Sources */,
				05C5AE7820B8D0C600A3E7A9 /* TimeSeparatorPresenter.swift in Sources */,
				05C5AE8520B94E8600A3E7A9 /* MessageService.swift in Sources */,
				055084C120A9D226001D84AD /* ShopViewController.swift in Sources */,
				055084D220A9D3F3001D84AD /* DemoChatMessageSender.swift in Sources */,
				0590166B209914AA0030A0CA /* DetailGoodViewController.swift in Sources */,
				E118633620A38298009774B9 /* DictionaryExtension.swift in Sources */,
				05C5AE7B20B8D8E200A3E7A9 /* ReviewItem.swift in Sources */,
				05901673209A0A280030A0CA /* DiscountListViewModel.swift in Sources */,
				05901671209A0A1A0030A0CA /* DiscountListViewController.swift in Sources */,
				055084D720A9D66B001D84AD /* Review.swift in Sources */,
				055084CB20A9D3CE001D84AD /* DemoTextMessageModel.swift in Sources */,
				05D29F3520B30DE400035BAE /* DetailAccountViewController.swift in Sources */,
				05C5AE7920B8D0C600A3E7A9 /* TimeSeparatorCollectionViewCell.swift in Sources */,
				0568E4982098BD160079D181 /* RequestProtocol.swift in Sources */,
				0590167A209A4A050030A0CA /* DetailDiscountViewController.swift in Sources */,
				052C6F0B20AAEDB8009B8EDB /* Shop.swift in Sources */,
				05901675209A0C9C0030A0CA /* Discount.swift in Sources */,
				05D29F3720B30DE400035BAE /* AccountListViewController.swift in Sources */,
				059016592098F5B80030A0CA /* TabBarController.swift in Sources */,
				0590166820990D0E0030A0CA /* GoodsService.swift in Sources */,
				05C5AE8320B94E1700A3E7A9 /* MessageItem.swift in Sources */,
				059016552098EA690030A0CA /* User.swift in Sources */,
				05ADF2C52098AC2A004DBEA7 /* SignInViewModel.swift in Sources */,
				0590166420990C430030A0CA /* GoodsListViewModel.swift in Sources */,
				055084D920A9D706001D84AD /* ReviewsService.swift in Sources */,
				05D29F3820B30DE400035BAE /* AccountListViewModel.swift in Sources */,
				05901677209A0D6E0030A0CA /* DiscountService.swift in Sources */,
				05C5AE8D20B96A3700A3E7A9 /* ChatListViewModel.swift in Sources */,
				055084CD20A9D3CE001D84AD /* DemoTextMessageViewModel.swift in Sources */,
				055084CC20A9D3CE001D84AD /* DemoTextMessageHandler.swift in Sources */,
				055084DB20AAC3B6001D84AD /* DemoChatItemsDecorator.swift in Sources */,
				0590167C209A4A140030A0CA /* DetailDiscountViewModel.swift in Sources */,
				055084CA20A9D3CE001D84AD /* BaseMessageCollectionViewCellAvatarStyle.swift in Sources */,
				0590166220990C360030A0CA /* GoodsListViewController.swift in Sources */,
				05D29F2E20B2E7C000035BAE /* AuthItem.swift in Sources */,
				0590166D209914B50030A0CA /* DetailGoodViewModel.swift in Sources */,
				05C5AE6C20B8A51100A3E7A9 /* UIWindowExtensions.swift in Sources */,
				E118633820A384C7009774B9 /* GoodsRequest.swift in Sources */,
				05C5AE7720B8D0C600A3E7A9 /* TimeSeparatorModel.swift in Sources */,
				05C5AE7F20B94C2100A3E7A9 /* ChatDataSource.swift in Sources */,
				E118633420A380EE009774B9 /* GoodsTranslator.swift in Sources */,
				05D29F3620B30DE400035BAE /* DetailAccountViewModel.swift in Sources */,
				0568E49A2098BD410079D181 /* TranslatorProtocol.swift in Sources */,
				0590165E209900AE0030A0CA /* UIStoryboardExtensions.swift in Sources */,
				0568E4912098B7440079D181 /* UserService.swift in Sources */,
			);
			runOnlyForDeploymentPostprocessing = 0;
		};
/* End PBXSourcesBuildPhase section */

/* Begin PBXVariantGroup section */
		E1D2DFC1208F9C2200FC4F69 /* Main.storyboard */ = {
			isa = PBXVariantGroup;
			children = (
				E1D2DFC2208F9C2200FC4F69 /* Base */,
			);
			name = Main.storyboard;
			sourceTree = "<group>";
		};
		E1D2DFC6208F9C2200FC4F69 /* LaunchScreen.storyboard */ = {
			isa = PBXVariantGroup;
			children = (
				E1D2DFC7208F9C2200FC4F69 /* Base */,
			);
			name = LaunchScreen.storyboard;
			sourceTree = "<group>";
		};
/* End PBXVariantGroup section */

/* Begin XCBuildConfiguration section */
		E1D2DFD5208F9C2200FC4F69 /* Debug */ = {
			isa = XCBuildConfiguration;
			buildSettings = {
				ALWAYS_SEARCH_USER_PATHS = NO;
				CLANG_ANALYZER_NONNULL = YES;
				CLANG_ANALYZER_NUMBER_OBJECT_CONVERSION = YES_AGGRESSIVE;
				CLANG_CXX_LANGUAGE_STANDARD = "gnu++14";
				CLANG_CXX_LIBRARY = "libc++";
				CLANG_ENABLE_MODULES = YES;
				CLANG_ENABLE_OBJC_ARC = YES;
				CLANG_WARN_BLOCK_CAPTURE_AUTORELEASING = YES;
				CLANG_WARN_BOOL_CONVERSION = YES;
				CLANG_WARN_COMMA = YES;
				CLANG_WARN_CONSTANT_CONVERSION = YES;
				CLANG_WARN_DEPRECATED_OBJC_IMPLEMENTATIONS = YES;
				CLANG_WARN_DIRECT_OBJC_ISA_USAGE = YES_ERROR;
				CLANG_WARN_DOCUMENTATION_COMMENTS = YES;
				CLANG_WARN_EMPTY_BODY = YES;
				CLANG_WARN_ENUM_CONVERSION = YES;
				CLANG_WARN_INFINITE_RECURSION = YES;
				CLANG_WARN_INT_CONVERSION = YES;
				CLANG_WARN_NON_LITERAL_NULL_CONVERSION = YES;
				CLANG_WARN_OBJC_IMPLICIT_RETAIN_SELF = YES;
				CLANG_WARN_OBJC_LITERAL_CONVERSION = YES;
				CLANG_WARN_OBJC_ROOT_CLASS = YES_ERROR;
				CLANG_WARN_RANGE_LOOP_ANALYSIS = YES;
				CLANG_WARN_STRICT_PROTOTYPES = YES;
				CLANG_WARN_SUSPICIOUS_MOVE = YES;
				CLANG_WARN_UNGUARDED_AVAILABILITY = YES_AGGRESSIVE;
				CLANG_WARN_UNREACHABLE_CODE = YES;
				CLANG_WARN__DUPLICATE_METHOD_MATCH = YES;
				CODE_SIGN_IDENTITY = "iPhone Developer";
				COPY_PHASE_STRIP = NO;
				DEBUG_INFORMATION_FORMAT = dwarf;
				ENABLE_STRICT_OBJC_MSGSEND = YES;
				ENABLE_TESTABILITY = YES;
				GCC_C_LANGUAGE_STANDARD = gnu11;
				GCC_DYNAMIC_NO_PIC = NO;
				GCC_NO_COMMON_BLOCKS = YES;
				GCC_OPTIMIZATION_LEVEL = 0;
				GCC_PREPROCESSOR_DEFINITIONS = (
					"DEBUG=1",
					"$(inherited)",
				);
				GCC_WARN_64_TO_32_BIT_CONVERSION = YES;
				GCC_WARN_ABOUT_RETURN_TYPE = YES_ERROR;
				GCC_WARN_UNDECLARED_SELECTOR = YES;
				GCC_WARN_UNINITIALIZED_AUTOS = YES_AGGRESSIVE;
				GCC_WARN_UNUSED_FUNCTION = YES;
				GCC_WARN_UNUSED_VARIABLE = YES;
				IPHONEOS_DEPLOYMENT_TARGET = 11.2;
				MTL_ENABLE_DEBUG_INFO = YES;
				ONLY_ACTIVE_ARCH = YES;
				SDKROOT = iphoneos;
				SWIFT_ACTIVE_COMPILATION_CONDITIONS = DEBUG;
				SWIFT_OPTIMIZATION_LEVEL = "-Onone";
			};
			name = Debug;
		};
		E1D2DFD6208F9C2200FC4F69 /* Release */ = {
			isa = XCBuildConfiguration;
			buildSettings = {
				ALWAYS_SEARCH_USER_PATHS = NO;
				CLANG_ANALYZER_NONNULL = YES;
				CLANG_ANALYZER_NUMBER_OBJECT_CONVERSION = YES_AGGRESSIVE;
				CLANG_CXX_LANGUAGE_STANDARD = "gnu++14";
				CLANG_CXX_LIBRARY = "libc++";
				CLANG_ENABLE_MODULES = YES;
				CLANG_ENABLE_OBJC_ARC = YES;
				CLANG_WARN_BLOCK_CAPTURE_AUTORELEASING = YES;
				CLANG_WARN_BOOL_CONVERSION = YES;
				CLANG_WARN_COMMA = YES;
				CLANG_WARN_CONSTANT_CONVERSION = YES;
				CLANG_WARN_DEPRECATED_OBJC_IMPLEMENTATIONS = YES;
				CLANG_WARN_DIRECT_OBJC_ISA_USAGE = YES_ERROR;
				CLANG_WARN_DOCUMENTATION_COMMENTS = YES;
				CLANG_WARN_EMPTY_BODY = YES;
				CLANG_WARN_ENUM_CONVERSION = YES;
				CLANG_WARN_INFINITE_RECURSION = YES;
				CLANG_WARN_INT_CONVERSION = YES;
				CLANG_WARN_NON_LITERAL_NULL_CONVERSION = YES;
				CLANG_WARN_OBJC_IMPLICIT_RETAIN_SELF = YES;
				CLANG_WARN_OBJC_LITERAL_CONVERSION = YES;
				CLANG_WARN_OBJC_ROOT_CLASS = YES_ERROR;
				CLANG_WARN_RANGE_LOOP_ANALYSIS = YES;
				CLANG_WARN_STRICT_PROTOTYPES = YES;
				CLANG_WARN_SUSPICIOUS_MOVE = YES;
				CLANG_WARN_UNGUARDED_AVAILABILITY = YES_AGGRESSIVE;
				CLANG_WARN_UNREACHABLE_CODE = YES;
				CLANG_WARN__DUPLICATE_METHOD_MATCH = YES;
				CODE_SIGN_IDENTITY = "iPhone Developer";
				COPY_PHASE_STRIP = NO;
				DEBUG_INFORMATION_FORMAT = "dwarf-with-dsym";
				ENABLE_NS_ASSERTIONS = NO;
				ENABLE_STRICT_OBJC_MSGSEND = YES;
				GCC_C_LANGUAGE_STANDARD = gnu11;
				GCC_NO_COMMON_BLOCKS = YES;
				GCC_WARN_64_TO_32_BIT_CONVERSION = YES;
				GCC_WARN_ABOUT_RETURN_TYPE = YES_ERROR;
				GCC_WARN_UNDECLARED_SELECTOR = YES;
				GCC_WARN_UNINITIALIZED_AUTOS = YES_AGGRESSIVE;
				GCC_WARN_UNUSED_FUNCTION = YES;
				GCC_WARN_UNUSED_VARIABLE = YES;
				IPHONEOS_DEPLOYMENT_TARGET = 11.2;
				MTL_ENABLE_DEBUG_INFO = NO;
				SDKROOT = iphoneos;
				SWIFT_OPTIMIZATION_LEVEL = "-Owholemodule";
				VALIDATE_PRODUCT = YES;
			};
			name = Release;
		};
		E1D2DFD8208F9C2200FC4F69 /* Debug */ = {
			isa = XCBuildConfiguration;
			baseConfigurationReference = 670D73179BA862FBC1F399B7 /* Pods-crm-ios-app.debug.xcconfig */;
			buildSettings = {
				ASSETCATALOG_COMPILER_APPICON_NAME = AppIcon;
				CODE_SIGN_STYLE = Automatic;
				DEVELOPMENT_TEAM = 253FZ393HL;
				INFOPLIST_FILE = "$(SRCROOT)/crm-ios-app/SupportingFiles/Info.plist";
				LD_RUNPATH_SEARCH_PATHS = "$(inherited) @executable_path/Frameworks";
				PRODUCT_BUNDLE_IDENTIFIER = "ru.itis.crm-ios-app";
				PRODUCT_NAME = "$(TARGET_NAME)";
				SWIFT_VERSION = 4.0;
				TARGETED_DEVICE_FAMILY = "1,2";
			};
			name = Debug;
		};
		E1D2DFD9208F9C2200FC4F69 /* Release */ = {
			isa = XCBuildConfiguration;
			baseConfigurationReference = 692A9A29A09BC729F7AF76D9 /* Pods-crm-ios-app.release.xcconfig */;
			buildSettings = {
				ASSETCATALOG_COMPILER_APPICON_NAME = AppIcon;
				CODE_SIGN_STYLE = Automatic;
				DEVELOPMENT_TEAM = 253FZ393HL;
				INFOPLIST_FILE = "$(SRCROOT)/crm-ios-app/SupportingFiles/Info.plist";
				LD_RUNPATH_SEARCH_PATHS = "$(inherited) @executable_path/Frameworks";
				PRODUCT_BUNDLE_IDENTIFIER = "ru.itis.crm-ios-app";
				PRODUCT_NAME = "$(TARGET_NAME)";
				SWIFT_VERSION = 4.0;
				TARGETED_DEVICE_FAMILY = "1,2";
			};
			name = Release;
		};
/* End XCBuildConfiguration section */

/* Begin XCConfigurationList section */
		E1D2DFB5208F9C2200FC4F69 /* Build configuration list for PBXProject "crm-ios" */ = {
			isa = XCConfigurationList;
			buildConfigurations = (
				E1D2DFD5208F9C2200FC4F69 /* Debug */,
				E1D2DFD6208F9C2200FC4F69 /* Release */,
			);
			defaultConfigurationIsVisible = 0;
			defaultConfigurationName = Release;
		};
		E1D2DFD7208F9C2200FC4F69 /* Build configuration list for PBXNativeTarget "crm-ios-app" */ = {
			isa = XCConfigurationList;
			buildConfigurations = (
				E1D2DFD8208F9C2200FC4F69 /* Debug */,
				E1D2DFD9208F9C2200FC4F69 /* Release */,
			);
			defaultConfigurationIsVisible = 0;
			defaultConfigurationName = Release;
		};
/* End XCConfigurationList section */
	};
	rootObject = E1D2DFB2208F9C2200FC4F69 /* Project object */;
}
